// !$*UTF8*$!
{
	archiveVersion = 1;
	classes = {
	};
	objectVersion = 46;
	objects = {

/* Begin PBXBuildFile section */
		7F4CD7FC1577FCA800D9B871 /* cough.mp3 in Resources */ = {isa = PBXBuildFile; fileRef = 7F4CD7FB1577FCA800D9B871 /* cough.mp3 */; };
		7F615FE01577F3A3000ED4C8 /* AudioToolbox.framework in Frameworks */ = {isa = PBXBuildFile; fileRef = 7F615FDF1577F3A3000ED4C8 /* AudioToolbox.framework */; };
		7F8EC7931577EEA50034B0E9 /* UIKit.framework in Frameworks */ = {isa = PBXBuildFile; fileRef = 7F8EC7921577EEA50034B0E9 /* UIKit.framework */; };
		7F8EC7951577EEA50034B0E9 /* Foundation.framework in Frameworks */ = {isa = PBXBuildFile; fileRef = 7F8EC7941577EEA50034B0E9 /* Foundation.framework */; };
		7F8EC7971577EEA50034B0E9 /* CoreGraphics.framework in Frameworks */ = {isa = PBXBuildFile; fileRef = 7F8EC7961577EEA50034B0E9 /* CoreGraphics.framework */; };
		7F8EC79D1577EEA50034B0E9 /* InfoPlist.strings in Resources */ = {isa = PBXBuildFile; fileRef = 7F8EC79B1577EEA50034B0E9 /* InfoPlist.strings */; };
		7F8EC79F1577EEA50034B0E9 /* main.m in Sources */ = {isa = PBXBuildFile; fileRef = 7F8EC79E1577EEA50034B0E9 /* main.m */; };
		7F8EC7A31577EEA50034B0E9 /* AppDelegate.m in Sources */ = {isa = PBXBuildFile; fileRef = 7F8EC7A21577EEA50034B0E9 /* AppDelegate.m */; };
		7F8EC7A61577EEA50034B0E9 /* ViewController.m in Sources */ = {isa = PBXBuildFile; fileRef = 7F8EC7A51577EEA50034B0E9 /* ViewController.m */; };
		7F8EC7A91577EEA50034B0E9 /* ViewController.xib in Resources */ = {isa = PBXBuildFile; fileRef = 7F8EC7A71577EEA50034B0E9 /* ViewController.xib */; };
		7FAE605D1579540A008463E6 /* swoosh.mp3 in Resources */ = {isa = PBXBuildFile; fileRef = 7FAE605C1579540A008463E6 /* swoosh.mp3 */; };
/* End PBXBuildFile section */

/* Begin PBXFileReference section */
		7F4CD7FB1577FCA800D9B871 /* cough.mp3 */ = {isa = PBXFileReference; lastKnownFileType = audio.mp3; path = cough.mp3; sourceTree = "<group>"; };
		7F615FDF1577F3A3000ED4C8 /* AudioToolbox.framework */ = {isa = PBXFileReference; lastKnownFileType = wrapper.framework; name = AudioToolbox.framework; path = System/Library/Frameworks/AudioToolbox.framework; sourceTree = SDKROOT; };
		7F8EC78E1577EEA50034B0E9 /* SimpleAudioTrigger1.app */ = {isa = PBXFileReference; explicitFileType = wrapper.application; includeInIndex = 0; path = SimpleAudioTrigger1.app; sourceTree = BUILT_PRODUCTS_DIR; };
		7F8EC7921577EEA50034B0E9 /* UIKit.framework */ = {isa = PBXFileReference; lastKnownFileType = wrapper.framework; name = UIKit.framework; path = System/Library/Frameworks/UIKit.framework; sourceTree = SDKROOT; };
		7F8EC7941577EEA50034B0E9 /* Foundation.framework */ = {isa = PBXFileReference; lastKnownFileType = wrapper.framework; name = Foundation.framework; path = System/Library/Frameworks/Foundation.framework; sourceTree = SDKROOT; };
		7F8EC7961577EEA50034B0E9 /* CoreGraphics.framework */ = {isa = PBXFileReference; lastKnownFileType = wrapper.framework; name = CoreGraphics.framework; path = System/Library/Frameworks/CoreGraphics.framework; sourceTree = SDKROOT; };
		7F8EC79A1577EEA50034B0E9 /* SimpleAudioTrigger1-Info.plist */ = {isa = PBXFileReference; lastKnownFileType = text.plist.xml; path = "SimpleAudioTrigger1-Info.plist"; sourceTree = "<group>"; };
		7F8EC79C1577EEA50034B0E9 /* en */ = {isa = PBXFileReference; lastKnownFileType = text.plist.strings; name = en; path = en.lproj/InfoPlist.strings; sourceTree = "<group>"; };
		7F8EC79E1577EEA50034B0E9 /* main.m */ = {isa = PBXFileReference; lastKnownFileType = sourcecode.c.objc; path = main.m; sourceTree = "<group>"; };
		7F8EC7A01577EEA50034B0E9 /* SimpleAudioTrigger1-Prefix.pch */ = {isa = PBXFileReference; lastKnownFileType = sourcecode.c.h; path = "SimpleAudioTrigger1-Prefix.pch"; sourceTree = "<group>"; };
		7F8EC7A11577EEA50034B0E9 /* AppDelegate.h */ = {isa = PBXFileReference; lastKnownFileType = sourcecode.c.h; path = AppDelegate.h; sourceTree = "<group>"; };
		7F8EC7A21577EEA50034B0E9 /* AppDelegate.m */ = {isa = PBXFileReference; lastKnownFileType = sourcecode.c.objc; path = AppDelegate.m; sourceTree = "<group>"; };
		7F8EC7A41577EEA50034B0E9 /* ViewController.h */ = {isa = PBXFileReference; lastKnownFileType = sourcecode.c.h; path = ViewController.h; sourceTree = "<group>"; };
		7F8EC7A51577EEA50034B0E9 /* ViewController.m */ = {isa = PBXFileReference; lastKnownFileType = sourcecode.c.objc; path = ViewController.m; sourceTree = "<group>"; };
		7F8EC7A81577EEA50034B0E9 /* en */ = {isa = PBXFileReference; lastKnownFileType = file.xib; name = en; path = en.lproj/ViewController.xib; sourceTree = "<group>"; };
		7FAE605C1579540A008463E6 /* swoosh.mp3 */ = {isa = PBXFileReference; lastKnownFileType = audio.mp3; path = swoosh.mp3; sourceTree = "<group>"; };
/* End PBXFileReference section */

/* Begin PBXFrameworksBuildPhase section */
		7F8EC78B1577EEA40034B0E9 /* Frameworks */ = {
			isa = PBXFrameworksBuildPhase;
			buildActionMask = 2147483647;
			files = (
				7F615FE01577F3A3000ED4C8 /* AudioToolbox.framework in Frameworks */,
				7F8EC7931577EEA50034B0E9 /* UIKit.framework in Frameworks */,
				7F8EC7951577EEA50034B0E9 /* Foundation.framework in Frameworks */,
				7F8EC7971577EEA50034B0E9 /* CoreGraphics.framework in Frameworks */,
			);
			runOnlyForDeploymentPostprocessing = 0;
		};
/* End PBXFrameworksBuildPhase section */

/* Begin PBXGroup section */
		7F4CD7FE1577FCAD00D9B871 /* Audio */ = {
			isa = PBXGroup;
			children = (
				7FAE605C1579540A008463E6 /* swoosh.mp3 */,
				7F4CD7FB1577FCA800D9B871 /* cough.mp3 */,
			);
			name = Audio;
			sourceTree = "<group>";
		};
		7F8EC7831577EEA30034B0E9 = {
			isa = PBXGroup;
			children = (
				7F615FDF1577F3A3000ED4C8 /* AudioToolbox.framework */,
				7F8EC7981577EEA50034B0E9 /* SimpleAudioTrigger1 */,
				7F8EC7911577EEA50034B0E9 /* Frameworks */,
				7F8EC78F1577EEA50034B0E9 /* Products */,
			);
			sourceTree = "<group>";
		};
		7F8EC78F1577EEA50034B0E9 /* Products */ = {
			isa = PBXGroup;
			children = (
				7F8EC78E1577EEA50034B0E9 /* SimpleAudioTrigger1.app */,
			);
			name = Products;
			sourceTree = "<group>";
		};
		7F8EC7911577EEA50034B0E9 /* Frameworks */ = {
			isa = PBXGroup;
			children = (
				7F8EC7921577EEA50034B0E9 /* UIKit.framework */,
				7F8EC7941577EEA50034B0E9 /* Foundation.framework */,
				7F8EC7961577EEA50034B0E9 /* CoreGraphics.framework */,
			);
			name = Frameworks;
			sourceTree = "<group>";
		};
		7F8EC7981577EEA50034B0E9 /* SimpleAudioTrigger1 */ = {
			isa = PBXGroup;
			children = (
				7F8EC7A11577EEA50034B0E9 /* AppDelegate.h */,
				7F8EC7A21577EEA50034B0E9 /* AppDelegate.m */,
				7F8EC7A41577EEA50034B0E9 /* ViewController.h */,
				7F8EC7A51577EEA50034B0E9 /* ViewController.m */,
				7F8EC7A71577EEA50034B0E9 /* ViewController.xib */,
				7F8EC7991577EEA50034B0E9 /* Supporting Files */,
			);
			path = SimpleAudioTrigger1;
			sourceTree = "<group>";
		};
		7F8EC7991577EEA50034B0E9 /* Supporting Files */ = {
			isa = PBXGroup;
			children = (
				7F4CD7FE1577FCAD00D9B871 /* Audio */,
				7F8EC79A1577EEA50034B0E9 /* SimpleAudioTrigger1-Info.plist */,
				7F8EC79B1577EEA50034B0E9 /* InfoPlist.strings */,
				7F8EC79E1577EEA50034B0E9 /* main.m */,
				7F8EC7A01577EEA50034B0E9 /* SimpleAudioTrigger1-Prefix.pch */,
			);
			name = "Supporting Files";
			sourceTree = "<group>";
		};
/* End PBXGroup section */

/* Begin PBXNativeTarget section */
		7F8EC78D1577EEA40034B0E9 /* SimpleAudioTrigger1 */ = {
			isa = PBXNativeTarget;
			buildConfigurationList = 7F8EC7AC1577EEA50034B0E9 /* Build configuration list for PBXNativeTarget "SimpleAudioTrigger1" */;
			buildPhases = (
				7F8EC78A1577EEA40034B0E9 /* Sources */,
				7F8EC78B1577EEA40034B0E9 /* Frameworks */,
				7F8EC78C1577EEA40034B0E9 /* Resources */,
			);
			buildRules = (
			);
			dependencies = (
			);
			name = SimpleAudioTrigger1;
			productName = SimpleAudioTrigger1;
			productReference = 7F8EC78E1577EEA50034B0E9 /* SimpleAudioTrigger1.app */;
			productType = "com.apple.product-type.application";
		};
/* End PBXNativeTarget section */

/* Begin PBXProject section */
		7F8EC7851577EEA30034B0E9 /* Project object */ = {
			isa = PBXProject;
			attributes = {
				LastUpgradeCheck = 0420;
			};
			buildConfigurationList = 7F8EC7881577EEA30034B0E9 /* Build configuration list for PBXProject "SimpleAudioTrigger1" */;
			compatibilityVersion = "Xcode 3.2";
			developmentRegion = English;
			hasScannedForEncodings = 0;
			knownRegions = (
				en,
			);
			mainGroup = 7F8EC7831577EEA30034B0E9;
			productRefGroup = 7F8EC78F1577EEA50034B0E9 /* Products */;
			projectDirPath = "";
			projectRoot = "";
			targets = (
				7F8EC78D1577EEA40034B0E9 /* SimpleAudioTrigger1 */,
			);
		};
/* End PBXProject section */

/* Begin PBXResourcesBuildPhase section */
		7F8EC78C1577EEA40034B0E9 /* Resources */ = {
			isa = PBXResourcesBuildPhase;
			buildActionMask = 2147483647;
			files = (
				7F8EC79D1577EEA50034B0E9 /* InfoPlist.strings in Resources */,
				7F8EC7A91577EEA50034B0E9 /* ViewController.xib in Resources */,
				7F4CD7FC1577FCA800D9B871 /* cough.mp3 in Resources */,
				7FAE605D1579540A008463E6 /* swoosh.mp3 in Resources */,
			);
			runOnlyForDeploymentPostprocessing = 0;
		};
/* End PBXResourcesBuildPhase section */

/* Begin PBXSourcesBuildPhase section */
		7F8EC78A1577EEA40034B0E9 /* Sources */ = {
			isa = PBXSourcesBuildPhase;
			buildActionMask = 2147483647;
			files = (
				7F8EC79F1577EEA50034B0E9 /* main.m in Sources */,
				7F8EC7A31577EEA50034B0E9 /* AppDelegate.m in Sources */,
				7F8EC7A61577EEA50034B0E9 /* ViewController.m in Sources */,
			);
			runOnlyForDeploymentPostprocessing = 0;
		};
/* End PBXSourcesBuildPhase section */

/* Begin PBXVariantGroup section */
		7F8EC79B1577EEA50034B0E9 /* InfoPlist.strings */ = {
			isa = PBXVariantGroup;
			children = (
				7F8EC79C1577EEA50034B0E9 /* en */,
			);
			name = InfoPlist.strings;
			sourceTree = "<group>";
		};
		7F8EC7A71577EEA50034B0E9 /* ViewController.xib */ = {
			isa = PBXVariantGroup;
			children = (
				7F8EC7A81577EEA50034B0E9 /* en */,
			);
			name = ViewController.xib;
			sourceTree = "<group>";
		};
/* End PBXVariantGroup section */

/* Begin XCBuildConfiguration section */
		7F8EC7AA1577EEA50034B0E9 /* Debug */ = {
			isa = XCBuildConfiguration;
			buildSettings = {
				ALWAYS_SEARCH_USER_PATHS = NO;
				ARCHS = "$(ARCHS_STANDARD_32_BIT)";
				"CODE_SIGN_IDENTITY[sdk=iphoneos*]" = "iPhone Developer";
				COPY_PHASE_STRIP = NO;
				GCC_C_LANGUAGE_STANDARD = gnu99;
				GCC_DYNAMIC_NO_PIC = NO;
				GCC_OPTIMIZATION_LEVEL = 0;
				GCC_PREPROCESSOR_DEFINITIONS = (
					"DEBUG=1",
					"$(inherited)",
				);
				GCC_SYMBOLS_PRIVATE_EXTERN = NO;
				GCC_VERSION = com.apple.compilers.llvm.clang.1_0;
				GCC_WARN_ABOUT_MISSING_PROTOTYPES = YES;
				GCC_WARN_ABOUT_RETURN_TYPE = YES;
				GCC_WARN_UNUSED_VARIABLE = YES;
				IPHONEOS_DEPLOYMENT_TARGET = 5.0;
				SDKROOT = iphoneos;
			};
			name = Debug;
		};
		7F8EC7AB1577EEA50034B0E9 /* Release */ = {
			isa = XCBuildConfiguration;
			buildSettings = {
				ALWAYS_SEARCH_USER_PATHS = NO;
				ARCHS = "$(ARCHS_STANDARD_32_BIT)";
				"CODE_SIGN_IDENTITY[sdk=iphoneos*]" = "iPhone Developer";
				COPY_PHASE_STRIP = YES;
				GCC_C_LANGUAGE_STANDARD = gnu99;
				GCC_VERSION = com.apple.compilers.llvm.clang.1_0;
				GCC_WARN_ABOUT_MISSING_PROTOTYPES = YES;
				GCC_WARN_ABOUT_RETURN_TYPE = YES;
				GCC_WARN_UNUSED_VARIABLE = YES;
				IPHONEOS_DEPLOYMENT_TARGET = 5.0;
				OTHER_CFLAGS = "-DNS_BLOCK_ASSERTIONS=1";
				SDKROOT = iphoneos;
				VALIDATE_PRODUCT = YES;
			};
			name = Release;
		};
		7F8EC7AD1577EEA50034B0E9 /* Debug */ = {
			isa = XCBuildConfiguration;
			buildSettings = {
				GCC_PRECOMPILE_PREFIX_HEADER = YES;
				GCC_PREFIX_HEADER = "SimpleAudioTrigger1/SimpleAudioTrigger1-Prefix.pch";
				INFOPLIST_FILE = "SimpleAudioTrigger1/SimpleAudioTrigger1-Info.plist";
				IPHONEOS_DEPLOYMENT_TARGET = 5.0;
				PRODUCT_NAME = "$(TARGET_NAME)";
				TARGETED_DEVICE_FAMILY = 1;
				WRAPPER_EXTENSION = app;
			};
			name = Debug;
		};
		7F8EC7AE1577EEA50034B0E9 /* Release */ = {
			isa = XCBuildConfiguration;
			buildSettings = {
				GCC_PRECOMPILE_PREFIX_HEADER = YES;
				GCC_PREFIX_HEADER = "SimpleAudioTrigger1/SimpleAudioTrigger1-Prefix.pch";
				INFOPLIST_FILE = "SimpleAudioTrigger1/SimpleAudioTrigger1-Info.plist";
				IPHONEOS_DEPLOYMENT_TARGET = 5.0;
				PRODUCT_NAME = "$(TARGET_NAME)";
				TARGETED_DEVICE_FAMILY = 1;
				WRAPPER_EXTENSION = app;
			};
			name = Release;
		};
/* End XCBuildConfiguration section */

/* Begin XCConfigurationList section */
		7F8EC7881577EEA30034B0E9 /* Build configuration list for PBXProject "SimpleAudioTrigger1" */ = {
			isa = XCConfigurationList;
			buildConfigurations = (
				7F8EC7AA1577EEA50034B0E9 /* Debug */,
				7F8EC7AB1577EEA50034B0E9 /* Release */,
			);
			defaultConfigurationIsVisible = 0;
			defaultConfigurationName = Release;
		};
		7F8EC7AC1577EEA50034B0E9 /* Build configuration list for PBXNativeTarget "SimpleAudioTrigger1" */ = {
			isa = XCConfigurationList;
			buildConfigurations = (
				7F8EC7AD1577EEA50034B0E9 /* Debug */,
				7F8EC7AE1577EEA50034B0E9 /* Release */,
			);
			defaultConfigurationIsVisible = 0;
			defaultConfigurationName = Release;
		};
/* End XCConfigurationList section */
	};
	rootObject = 7F8EC7851577EEA30034B0E9 /* Project object */;
}
